# Additions to upstream's hash-locked image, not a replacement for its locks.
# Resolved with `pip install --dry-run --report ... --constraint <base-freeze>
# 'langchain-anthropic>=1.3.0,<2'` inside the current vibe-upstream image.
# Base-freeze comes from `pip freeze --exclude-editable`; regenerate on an
# upstream bump if compatibility changes. These wheels are platform-independent.
# --no-deps keeps upstream packages unchanged; pip check verifies the closure.
langchain-anthropic==1.7.1 --hash=sha256:c461166def7b7d9d05de518d80afd041a6fcd0d49b07d3216d2a6b9a5069cb37
anthropic==1.12.1 --hash=sha256:1c1469bb3f4118291756816b7850cc839f17b2be5cdc99c8fde3890a61a49ca2
httpx2==2.13.1 --hash=sha256:6dff50fabc270ee5fd25d845d0b078ed20564579744d6d962850975996d2f9a4
httpcore2==2.13.1 --hash=sha256:e1e05d4f25f7d7d496bfb96748f6f4b67657b03da069b3a68c36069f3db73d0a
truststore==0.10.4 --hash=sha256:adaeaecf1cbb5f4de3b1959b42d41f6fab57b2b1666adb59e89cb0b53361d981
